
Microsoft Visual Studio Solution File, Format Version 12.00
# Visual Studio Version 17
VisualStudioVersion = 17.14.36327.8
MinimumVisualStudioVersion = 10.0.40219.1
Project("{FAE04EC0-301F-11D3-BF4B-00C04F79EFBC}") = "MTU", "MTU\MTU.csproj", "{490D7789-74B6-4D2F-8EC1-BC2ED916B697}"
EndProject
Project("{FAE04EC0-301F-11D3-BF4B-00C04F79EFBC}") = "MTU.Tests", "MTU.Tests\MTU.Tests.csproj", "{B27F61D3-62FC-446E-A754-42845853BABD}"
EndProject
Global
	GlobalSection(SolutionConfigurationPlatforms) = preSolution
		Debug|Any CPU = Debug|Any CPU
		Release|Any CPU = Release|Any CPU
	EndGlobalSection
	GlobalSection(ProjectConfigurationPlatforms) = postSolution
		{490D7789-74B6-4D2F-8EC1-BC2ED916B697}.Debug|Any CPU.ActiveCfg = Debug|Any CPU
		{490D7789-74B6-4D2F-8EC1-BC2ED916B697}.Debug|Any CPU.Build.0 = Debug|Any CPU
		{490D7789-74B6-4D2F-8EC1-BC2ED916B697}.Release|Any CPU.ActiveCfg = Release|Any CPU
		{490D7789-74B6-4D2F-8EC1-BC2ED916B697}.Release|Any CPU.Build.0 = Release|Any CPU
		{B27F61D3-62FC-446E-A754-42845853BABD}.Debug|Any CPU.ActiveCfg = Debug|Any CPU
		{B27F61D3-62FC-446E-A754-42845853BABD}.Debug|Any CPU.Build.0 = Debug|Any CPU
		{B27F61D3-62FC-446E-A754-42845853BABD}.Release|Any CPU.ActiveCfg = Release|Any CPU
		{B27F61D3-62FC-446E-A754-42845853BABD}.Release|Any CPU.Build.0 = Release|Any CPU
	EndGlobalSection
	GlobalSection(SolutionProperties) = preSolution
		HideSolutionNode = FALSE
	EndGlobalSection
	GlobalSection(ExtensibilityGlobals) = postSolution
		SolutionGuid = {0E5D00AD-BD8B-44DC-BE2E-10CC8878DFA9}
	EndGlobalSection
EndGlobal
